// !$*UTF8*$!
{
	archiveVersion = 1;
	classes = {
	};
	objectVersion = 46;
	objects = {

/* Begin PBXBuildFile section */
		11AB33121C1C12E9009FC03C /* main.m in Sources */ = {isa = PBXBuildFile; fileRef = 11AB33111C1C12E9009FC03C /* main.m */; };
		11AB33151C1C12E9009FC03C /* AppDelegate.m in Sources */ = {isa = PBXBuildFile; fileRef = 11AB33141C1C12E9009FC03C /* AppDelegate.m */; };
		11AB33181C1C12E9009FC03C /* ViewController.m in Sources */ = {isa = PBXBuildFile; fileRef = 11AB33171C1C12E9009FC03C /* ViewController.m */; };
		11AB331B1C1C12E9009FC03C /* Main.storyboard in Resources */ = {isa = PBXBuildFile; fileRef = 11AB33191C1C12E9009FC03C /* Main.storyboard */; };
		11AB331D1C1C12E9009FC03C /* Assets.xcassets in Resources */ = {isa = PBXBuildFile; fileRef = 11AB331C1C1C12E9009FC03C /* Assets.xcassets */; };
		11AB33201C1C12E9009FC03C /* LaunchScreen.storyboard in Resources */ = {isa = PBXBuildFile; fileRef = 11AB331E1C1C12E9009FC03C /* LaunchScreen.storyboard */; };
/* End PBXBuildFile section */

/* Begin PBXFileReference section */
		11AB330D1C1C12E9009FC03C /* Concurrency Conversion.app */ = {isa = PBXFileReference; explicitFileType = wrapper.application; includeInIndex = 0; path = "Concurrency Conversion.app"; sourceTree = BUILT_PRODUCTS_DIR; };
		11AB33111C1C12E9009FC03C /* main.m */ = {isa = PBXFileReference; lastKnownFileType = sourcecode.c.objc; path = main.m; sourceTree = "<group>"; };
		11AB33131C1C12E9009FC03C /* AppDelegate.h */ = {isa = PBXFileReference; lastKnownFileType = sourcecode.c.h; path = AppDelegate.h; sourceTree = "<group>"; };
		11AB33141C1C12E9009FC03C /* AppDelegate.m */ = {isa = PBXFileReference; lastKnownFileType = sourcecode.c.objc; path = AppDelegate.m; sourceTree = "<group>"; };
		11AB33161C1C12E9009FC03C /* ViewController.h */ = {isa = PBXFileReference; lastKnownFileType = sourcecode.c.h; path = ViewController.h; sourceTree = "<group>"; };
		11AB33171C1C12E9009FC03C /* ViewController.m */ = {isa = PBXFileReference; lastKnownFileType = sourcecode.c.objc; path = ViewController.m; sourceTree = "<group>"; };
		11AB331A1C1C12E9009FC03C /* Base */ = {isa = PBXFileReference; lastKnownFileType = file.storyboard; name = Base; path = Base.lproj/Main.storyboard; sourceTree = "<group>"; };
		11AB331C1C1C12E9009FC03C /* Assets.xcassets */ = {isa = PBXFileReference; lastKnownFileType = folder.assetcatalog; path = Assets.xcassets; sourceTree = "<group>"; };
		11AB331F1C1C12E9009FC03C /* Base */ = {isa = PBXFileReference; lastKnownFileType = file.storyboard; name = Base; path = Base.lproj/LaunchScreen.storyboard; sourceTree = "<group>"; };
		11AB33211C1C12E9009FC03C /* Info.plist */ = {isa = PBXFileReference; lastKnownFileType = text.plist.xml; path = Info.plist; sourceTree = "<group>"; };
/* End PBXFileReference section */

/* Begin PBXFrameworksBuildPhase section */
		11AB330A1C1C12E9009FC03C /* Frameworks */ = {
			isa = PBXFrameworksBuildPhase;
			buildActionMask = 2147483647;
			files = (
			);
			runOnlyForDeploymentPostprocessing = 0;
		};
/* End PBXFrameworksBuildPhase section */

/* Begin PBXGroup section */
		11AB33041C1C12E9009FC03C = {
			isa = PBXGroup;
			children = (
				11AB330F1C1C12E9009FC03C /* Concurrency Conversion */,
				11AB330E1C1C12E9009FC03C /* Products */,
			);
			sourceTree = "<group>";
		};
		11AB330E1C1C12E9009FC03C /* Products */ = {
			isa = PBXGroup;
			children = (
				11AB330D1C1C12E9009FC03C /* Concurrency Conversion.app */,
			);
			name = Products;
			sourceTree = "<group>";
		};
		11AB330F1C1C12E9009FC03C /* Concurrency Conversion */ = {
			isa = PBXGroup;
			children = (
				11AB33131C1C12E9009FC03C /* AppDelegate.h */,
				11AB33141C1C12E9009FC03C /* AppDelegate.m */,
				11AB33161C1C12E9009FC03C /* ViewController.h */,
				11AB33171C1C12E9009FC03C /* ViewController.m */,
				11AB33191C1C12E9009FC03C /* Main.storyboard */,
				11AB331C1C1C12E9009FC03C /* Assets.xcassets */,
				11AB331E1C1C12E9009FC03C /* LaunchScreen.storyboard */,
				11AB33211C1C12E9009FC03C /* Info.plist */,
				11AB33101C1C12E9009FC03C /* Supporting Files */,
			);
			path = "Concurrency Conversion";
			sourceTree = "<group>";
		};
		11AB33101C1C12E9009FC03C /* Supporting Files */ = {
			isa = PBXGroup;
			children = (
				11AB33111C1C12E9009FC03C /* main.m */,
			);
			name = "Supporting Files";
			sourceTree = "<group>";
		};
/* End PBXGroup section */

/* Begin PBXNativeTarget section */
		11AB330C1C1C12E9009FC03C /* Concurrency Conversion */ = {
			isa = PBXNativeTarget;
			buildConfigurationList = 11AB33241C1C12E9009FC03C /* Build configuration list for PBXNativeTarget "Concurrency Conversion" */;
			buildPhases = (
				11AB33091C1C12E9009FC03C /* Sources */,
				11AB330A1C1C12E9009FC03C /* Frameworks */,
				11AB330B1C1C12E9009FC03C /* Resources */,
			);
			buildRules = (
			);
			dependencies = (
			);
			name = "Concurrency Conversion";
			productName = "Concurrency Conversion";
			productReference = 11AB330D1C1C12E9009FC03C /* Concurrency Conversion.app */;
			productType = "com.apple.product-type.application";
		};
/* End PBXNativeTarget section */

/* Begin PBXProject section */
		11AB33051C1C12E9009FC03C /* Project object */ = {
			isa = PBXProject;
			attributes = {
				LastUpgradeCheck = 0720;
				ORGANIZATIONNAME = "James Qi";
				TargetAttributes = {
					11AB330C1C1C12E9009FC03C = {
						CreatedOnToolsVersion = 7.2;
						DevelopmentTeam = EF6ZWHWR92;
					};
				};
			};
			buildConfigurationList = 11AB33081C1C12E9009FC03C /* Build configuration list for PBXProject "Concurrency Conversion" */;
			compatibilityVersion = "Xcode 3.2";
			developmentRegion = English;
			hasScannedForEncodings = 0;
			knownRegions = (
				en,
				Base,
			);
			mainGroup = 11AB33041C1C12E9009FC03C;
			productRefGroup = 11AB330E1C1C12E9009FC03C /* Products */;
			projectDirPath = "";
			projectRoot = "";
			targets = (
				11AB330C1C1C12E9009FC03C /* Concurrency Conversion */,
			);
		};
/* End PBXProject section */

/* Begin PBXResourcesBuildPhase section */
		11AB330B1C1C12E9009FC03C /* Resources */ = {
			isa = PBXResourcesBuildPhase;
			buildActionMask = 2147483647;
			files = (
				11AB33201C1C12E9009FC03C /* LaunchScreen.storyboard in Resources */,
				11AB331D1C1C12E9009FC03C /* Assets.xcassets in Resources */,
				11AB331B1C1C12E9009FC03C /* Main.storyboard in Resources */,
			);
			runOnlyForDeploymentPostprocessing = 0;
		};
/* End PBXResourcesBuildPhase section */

/* Begin PBXSourcesBuildPhase section */
		11AB33091C1C12E9009FC03C /* Sources */ = {
			isa = PBXSourcesBuildPhase;
			buildActionMask = 2147483647;
			files = (
				11AB33181C1C12E9009FC03C /* ViewController.m in Sources */,
				11AB33151C1C12E9009FC03C /* AppDelegate.m in Sources */,
				11AB33121C1C12E9009FC03C /* main.m in Sources */,
			);
			runOnlyForDeploymentPostprocessing = 0;
		};
/* End PBXSourcesBuildPhase section */

/* Begin PBXVariantGroup section */
		11AB33191C1C12E9009FC03C /* Main.storyboard */ = {
			isa = PBXVariantGroup;
			children = (
				11AB331A1C1C12E9009FC03C /* Base */,
			);
			name = Main.storyboard;
			sourceTree = "<group>";
		};
		11AB331E1C1C12E9009FC03C /* LaunchScreen.storyboard */ = {
			isa = PBXVariantGroup;
			children = (
				11AB331F1C1C12E9009FC03C /* Base */,
			);
			name = LaunchScreen.storyboard;
			sourceTree = "<group>";
		};
/* End PBXVariantGroup section */

/* Begin XCBuildConfiguration section */
		11AB33221C1C12E9009FC03C /* Debug */ = {
			isa = XCBuildConfiguration;
			buildSettings = {
				ALWAYS_SEARCH_USER_PATHS = NO;
				CLANG_CXX_LANGUAGE_STANDARD = "gnu++0x";
				CLANG_CXX_LIBRARY = "libc++";
				CLANG_ENABLE_MODULES = YES;
				CLANG_ENABLE_OBJC_ARC = YES;
				CLANG_WARN_BOOL_CONVERSION = YES;
				CLANG_WARN_CONSTANT_CONVERSION = YES;
				CLANG_WARN_DIRECT_OBJC_ISA_USAGE = YES_ERROR;
				CLANG_WARN_EMPTY_BODY = YES;
				CLANG_WARN_ENUM_CONVERSION = YES;
				CLANG_WARN_INT_CONVERSION = YES;
				CLANG_WARN_OBJC_ROOT_CLASS = YES_ERROR;
				CLANG_WARN_UNREACHABLE_CODE = YES;
				CLANG_WARN__DUPLICATE_METHOD_MATCH = YES;
				"CODE_SIGN_IDENTITY[sdk=iphoneos*]" = "iPhone Developer";
				COPY_PHASE_STRIP = NO;
				DEBUG_INFORMATION_FORMAT = dwarf;
				ENABLE_STRICT_OBJC_MSGSEND = YES;
				ENABLE_TESTABILITY = YES;
				GCC_C_LANGUAGE_STANDARD = gnu99;
				GCC_DYNAMIC_NO_PIC = NO;
				GCC_NO_COMMON_BLOCKS = YES;
				GCC_OPTIMIZATION_LEVEL = 0;
				GCC_PREPROCESSOR_DEFINITIONS = (
					"DEBUG=1",
					"$(inherited)",
				);
				GCC_WARN_64_TO_32_BIT_CONVERSION = YES;
				GCC_WARN_ABOUT_RETURN_TYPE = YES_ERROR;
				GCC_WARN_UNDECLARED_SELECTOR = YES;
				GCC_WARN_UNINITIALIZED_AUTOS = YES_AGGRESSIVE;
				GCC_WARN_UNUSED_FUNCTION = YES;
				GCC_WARN_UNUSED_VARIABLE = YES;
				IPHONEOS_DEPLOYMENT_TARGET = 9.2;
				MTL_ENABLE_DEBUG_INFO = YES;
				ONLY_ACTIVE_ARCH = YES;
				SDKROOT = iphoneos;
				TARGETED_DEVICE_FAMILY = "1,2";
			};
			name = Debug;
		};
		11AB33231C1C12E9009FC03C /* Release */ = {
			isa = XCBuildConfiguration;
			buildSettings = {
				ALWAYS_SEARCH_USER_PATHS = NO;
				CLANG_CXX_LANGUAGE_STANDARD = "gnu++0x";
				CLANG_CXX_LIBRARY = "libc++";
				CLANG_ENABLE_MODULES = YES;
				CLANG_ENABLE_OBJC_ARC = YES;
				CLANG_WARN_BOOL_CONVERSION = YES;
				CLANG_WARN_CONSTANT_CONVERSION = YES;
				CLANG_WARN_DIRECT_OBJC_ISA_USAGE = YES_ERROR;
				CLANG_WARN_EMPTY_BODY = YES;
				CLANG_WARN_ENUM_CONVERSION = YES;
				CLANG_WARN_INT_CONVERSION = YES;
				CLANG_WARN_OBJC_ROOT_CLASS = YES_ERROR;
				CLANG_WARN_UNREACHABLE_CODE = YES;
				CLANG_WARN__DUPLICATE_METHOD_MATCH = YES;
				"CODE_SIGN_IDENTITY[sdk=iphoneos*]" = "iPhone Developer";
				COPY_PHASE_STRIP = NO;
				DEBUG_INFORMATION_FORMAT = "dwarf-with-dsym";
				ENABLE_NS_ASSERTIONS = NO;
				ENABLE_STRICT_OBJC_MSGSEND = YES;
				GCC_C_LANGUAGE_STANDARD = gnu99;
				GCC_NO_COMMON_BLOCKS = YES;
				GCC_WARN_64_TO_32_BIT_CONVERSION = YES;
				GCC_WARN_ABOUT_RETURN_TYPE = YES_ERROR;
				GCC_WARN_UNDECLARED_SELECTOR = YES;
				GCC_WARN_UNINITIALIZED_AUTOS = YES_AGGRESSIVE;
				GCC_WARN_UNUSED_FUNCTION = YES;
				GCC_WARN_UNUSED_VARIABLE = YES;
				IPHONEOS_DEPLOYMENT_TARGET = 9.2;
				MTL_ENABLE_DEBUG_INFO = NO;
				SDKROOT = iphoneos;
				TARGETED_DEVICE_FAMILY = "1,2";
				VALIDATE_PRODUCT = YES;
			};
			name = Release;
		};
		11AB33251C1C12E9009FC03C /* Debug */ = {
			isa = XCBuildConfiguration;
			buildSettings = {
				ASSETCATALOG_COMPILER_APPICON_NAME = AppIcon;
				INFOPLIST_FILE = "Concurrency Conversion/Info.plist";
				LD_RUNPATH_SEARCH_PATHS = "$(inherited) @executable_path/Frameworks";
				PRODUCT_BUNDLE_IDENTIFIER = "Handsome-Individuals.Concurrency-Conversion";
				PRODUCT_NAME = "$(TARGET_NAME)";
			};
			name = Debug;
		};
		11AB33261C1C12E9009FC03C /* Release */ = {
			isa = XCBuildConfiguration;
			buildSettings = {
				ASSETCATALOG_COMPILER_APPICON_NAME = AppIcon;
				INFOPLIST_FILE = "Concurrency Conversion/Info.plist";
				LD_RUNPATH_SEARCH_PATHS = "$(inherited) @executable_path/Frameworks";
				PRODUCT_BUNDLE_IDENTIFIER = "Handsome-Individuals.Concurrency-Conversion";
				PRODUCT_NAME = "$(TARGET_NAME)";
			};
			name = Release;
		};
/* End XCBuildConfiguration section */

/* Begin XCConfigurationList section */
		11AB33081C1C12E9009FC03C /* Build configuration list for PBXProject "Concurrency Conversion" */ = {
			isa = XCConfigurationList;
			buildConfigurations = (
				11AB33221C1C12E9009FC03C /* Debug */,
				11AB33231C1C12E9009FC03C /* Release */,
			);
			defaultConfigurationIsVisible = 0;
			defaultConfigurationName = Release;
		};
		11AB33241C1C12E9009FC03C /* Build configuration list for PBXNativeTarget "Concurrency Conversion" */ = {
			isa = XCConfigurationList;
			buildConfigurations = (
				11AB33251C1C12E9009FC03C /* Debug */,
				11AB33261C1C12E9009FC03C /* Release */,
			);
			defaultConfigurationIsVisible = 0;
		};
/* End XCConfigurationList section */
	};
	rootObject = 11AB33051C1C12E9009FC03C /* Project object */;
}
